
Microsoft Visual Studio Solution File, Format Version 12.00
# Visual Studio Version 17
VisualStudioVersion = 17.3.32929.385
MinimumVisualStudioVersion = 10.0.40219.1
Project("{FAE04EC0-301F-11D3-BF4B-00C04F79EFBC}") = "StudiaProgramm", "StudiaProgramm\StudiaProgramm.csproj", "{AD5BEDFE-3E8B-440D-B634-6CC4E5768E60}"
EndProject
Global
	GlobalSection(SolutionConfigurationPlatforms) = preSolution
		Debug|Any CPU = Debug|Any CPU
		Release|Any CPU = Release|Any CPU
	EndGlobalSection
	GlobalSection(ProjectConfigurationPlatforms) = postSolution
		{AD5BEDFE-3E8B-440D-B634-6CC4E5768E60}.Debug|Any CPU.ActiveCfg = Debug|Any CPU
		{AD5BEDFE-3E8B-440D-B634-6CC4E5768E60}.Debug|Any CPU.Build.0 = Debug|Any CPU
		{AD5BEDFE-3E8B-440D-B634-6CC4E5768E60}.Release|Any CPU.ActiveCfg = Release|Any CPU
		{AD5BEDFE-3E8B-440D-B634-6CC4E5768E60}.Release|Any CPU.Build.0 = Release|Any CPU
	EndGlobalSection
	GlobalSection(SolutionProperties) = preSolution
		HideSolutionNode = FALSE
	EndGlobalSection
	GlobalSection(ExtensibilityGlobals) = postSolution
		SolutionGuid = {3F13F691-1EA4-4767-BF04-4959C959FDCE}
	EndGlobalSection
EndGlobal
